
Microsoft Visual Studio Solution File, Format Version 12.00
# Visual Studio for Mac
Project("{FAE04EC0-301F-11D3-BF4B-00C04F79EFBC}") = "MentorProjectv1Prototype", "MentorProjectv1Prototype.csproj", "{A8D321BE-0D22-7FDE-51A6-CAF292332638}"
EndProject
Global
	GlobalSection(SolutionConfigurationPlatforms) = preSolution
		Debug|Any CPU = Debug|Any CPU
		Release|Any CPU = Release|Any CPU
	EndGlobalSection
	GlobalSection(ProjectConfigurationPlatforms) = postSolution
		{A8D321BE-0D22-7FDE-51A6-CAF292332638}.Debug|Any CPU.ActiveCfg = Debug|Any CPU
		{A8D321BE-0D22-7FDE-51A6-CAF292332638}.Debug|Any CPU.Build.0 = Debug|Any CPU
		{A8D321BE-0D22-7FDE-51A6-CAF292332638}.Release|Any CPU.ActiveCfg = Release|Any CPU
		{A8D321BE-0D22-7FDE-51A6-CAF292332638}.Release|Any CPU.Build.0 = Release|Any CPU
	EndGlobalSection
	GlobalSection(SolutionProperties) = preSolution
		HideSolutionNode = FALSE
	EndGlobalSection
EndGlobal
